
Microsoft Visual Studio Solution File, Format Version 12.00
# Visual Studio 15
VisualStudioVersion = 15.0.28307.329
MinimumVisualStudioVersion = 10.0.40219.1
Project("{FAE04EC0-301F-11D3-BF4B-00C04F79EFBC}") = "PJInventario", "PJInventario\PJInventario.csproj", "{FCE2549D-C3A3-4B08-9134-9A7A6C61D0FA}"
EndProject
Global
	GlobalSection(SolutionConfigurationPlatforms) = preSolution
		Debug|Any CPU = Debug|Any CPU
		Release|Any CPU = Release|Any CPU
	EndGlobalSection
	GlobalSection(ProjectConfigurationPlatforms) = postSolution
		{FCE2549D-C3A3-4B08-9134-9A7A6C61D0FA}.Debug|Any CPU.ActiveCfg = Debug|Any CPU
		{FCE2549D-C3A3-4B08-9134-9A7A6C61D0FA}.Debug|Any CPU.Build.0 = Debug|Any CPU
		{FCE2549D-C3A3-4B08-9134-9A7A6C61D0FA}.Release|Any CPU.ActiveCfg = Release|Any CPU
		{FCE2549D-C3A3-4B08-9134-9A7A6C61D0FA}.Release|Any CPU.Build.0 = Release|Any CPU
	EndGlobalSection
	GlobalSection(SolutionProperties) = preSolution
		HideSolutionNode = FALSE
	EndGlobalSection
	GlobalSection(ExtensibilityGlobals) = postSolution
		SolutionGuid = {C8B8436C-77BD-4F4D-9E78-F015354AB170}
	EndGlobalSection
EndGlobal
